schema: '2.0'
stages:
  split:
    cmd: python src/data/split.py
    deps:
    - path: data/raw/raw.csv
      hash: md5
      md5: 617b56af2992376d5c3e91ad80823898
      size: 333757
    - path: src/data/split.py
      hash: md5
      md5: b2ae463027c4e585026e53e03f482d8b
      size: 869
    params:
      params.yaml:
        split:
          test_size: 0.2
          random_state: 0
    outs:
    - path: data/processed/X_test.csv
      hash: md5
      md5: b4477883a952a623bba08cc8dea6e88b
      size: 52540
    - path: data/processed/X_train.csv
      hash: md5
      md5: e7a54688ff4f553755095e608da23f30
      size: 209552
    - path: data/processed/y_test.csv
      hash: md5
      md5: d7fbaaffcbc7d37a19194a02676735a3
      size: 6438
    - path: data/processed/y_train.csv
      hash: md5
      md5: 92ce7a6ebb95730ed1df881665fa6e57
      size: 25969
  normalize:
    cmd: python src/data/normalize.py
    deps:
    - path: data/processed/X_test.csv
      hash: md5
      md5: b4477883a952a623bba08cc8dea6e88b
      size: 52540
    - path: data/processed/X_train.csv
      hash: md5
      md5: e7a54688ff4f553755095e608da23f30
      size: 209552
    - path: src/data/normalize.py
      hash: md5
      md5: 327e6e0d82fa1bb75f115466c82ccb70
      size: 785
    outs:
    - path: data/processed/X_test_scaled.csv
      hash: md5
      md5: bccddc8f6b084d8b1aec10afafd95e7c
      size: 57160
    - path: data/processed/X_train_scaled.csv
      hash: md5
      md5: cf7208c8f751c704ef06ef935a585903
      size: 227401
  gridsearch:
    cmd: python src/models/grid_search.py
    deps:
    - path: data/processed/X_train_scaled.csv
      hash: md5
      md5: cf7208c8f751c704ef06ef935a585903
      size: 227401
    - path: data/processed/y_train.csv
      hash: md5
      md5: 92ce7a6ebb95730ed1df881665fa6e57
      size: 25969
    - path: src/models/grid_search.py
      hash: md5
      md5: 54f8dcd42652320ae2a9c126b8d842ba
      size: 912
    params:
      params.yaml:
        gridsearch:
          cv: 3
          scoring: neg_mean_squared_error
          param_grid:
            n_estimators:
            - 20
            - 50
            - 100
            - 200
            - 300
            max_depth:
            - 2
            - 3
            - 5
            - 7
            learning_rate:
            - 0.001
            - 0.01
            - 0.05
            - 0.1
    outs:
    - path: models/best_params.pkl
      hash: md5
      md5: fc88df180f55033ad250f38a6d6bfbcb
      size: 72
  training:
    cmd: python src/models/training.py
    deps:
    - path: data/processed/X_train_scaled.csv
      hash: md5
      md5: cf7208c8f751c704ef06ef935a585903
      size: 227401
    - path: data/processed/y_train.csv
      hash: md5
      md5: 92ce7a6ebb95730ed1df881665fa6e57
      size: 25969
    - path: models/best_params.pkl
      hash: md5
      md5: fc88df180f55033ad250f38a6d6bfbcb
      size: 72
    - path: src/models/training.py
      hash: md5
      md5: aad11b7b18463999afa4dcdb5f714a39
      size: 728
    outs:
    - path: models/xgb_model.pkl
      hash: md5
      md5: 196781947b5e083d6059781eee78a0e3
      size: 243783
  evaluate:
    cmd: python src/models/evaluate.py
    deps:
    - path: data/processed/X_test_scaled.csv
      hash: md5
      md5: bccddc8f6b084d8b1aec10afafd95e7c
      size: 57160
    - path: data/processed/y_test.csv
      hash: md5
      md5: d7fbaaffcbc7d37a19194a02676735a3
      size: 6438
    - path: models/xgb_model.pkl
      hash: md5
      md5: 196781947b5e083d6059781eee78a0e3
      size: 243783
    - path: src/models/evaluate.py
      hash: md5
      md5: 54ec6738d82c6951d2ec75d5767d98af
      size: 1158
    outs:
    - path: data/prediction.csv
      hash: md5
      md5: ecabbf8f960603a842b25090421e324c
      size: 66371
    - path: metrics/scores.json
      hash: md5
      md5: e81b436181a83e1cf22e7b8761439c4d
      size: 127
